
Microsoft Visual Studio Solution File, Format Version 12.00
# Visual Studio Version 16
VisualStudioVersion = 16.0.31515.178
MinimumVisualStudioVersion = 10.0.40219.1
Project("{2150E333-8FDC-42A3-9474-1A3956D46DE8}") = "Services", "Services", "{E4F81B24-A54E-4A59-8CF6-6F910012EAE8}"
EndProject
Project("{2150E333-8FDC-42A3-9474-1A3956D46DE8}") = "BuildingBlocks", "BuildingBlocks", "{D17F9E88-1323-4DA3-83CF-B1F95AE86D62}"
EndProject
Project("{2150E333-8FDC-42A3-9474-1A3956D46DE8}") = "Domain", "Domain", "{D874F9E5-567D-45A3-B346-FEF81E2734E2}"
EndProject
Project("{9A19103F-16F7-4668-BE54-9A1E7A4F7556}") = "BuildingBlocks.Domain", "BuldingBlocks\BuldingBlocks.Domain\BuildingBlocks.Domain.csproj", "{315A2560-5CEC-49AB-8B88-F8A4672AD95B}"
EndProject
Project("{2150E333-8FDC-42A3-9474-1A3956D46DE8}") = "Logging", "Logging", "{3D820FB9-54B1-4317-B634-87A99D794CB8}"
EndProject
Project("{9A19103F-16F7-4668-BE54-9A1E7A4F7556}") = "BuildingBlocks.Logging", "BuldingBlocks\BuildingBlocks.Logging\BuildingBlocks.Logging.csproj", "{878B6E17-D1BF-4B54-867F-E2FA74F8A087}"
EndProject
Project("{2150E333-8FDC-42A3-9474-1A3956D46DE8}") = "Web", "Web", "{8940A01F-A935-4C50-9017-1F8CA71F7776}"
EndProject
Project("{9A19103F-16F7-4668-BE54-9A1E7A4F7556}") = "BuildingBlocks.Web", "BuldingBlocks\BuildingBlocks.Host\BuildingBlocks.Web.csproj", "{E8FF85D9-FA4E-4009-B0D3-C0F339308AC3}"
EndProject
Project("{2150E333-8FDC-42A3-9474-1A3956D46DE8}") = "Planner", "Planner", "{031E07CA-7FA1-4E98-A763-4F31D3BD191B}"
EndProject
Project("{9A19103F-16F7-4668-BE54-9A1E7A4F7556}") = "Planner.Web", "Services\Planner\Planner.Web\Planner.Web.csproj", "{E2F271F3-ABB5-40F9-B68F-02AB2996AB68}"
EndProject
Project("{9A19103F-16F7-4668-BE54-9A1E7A4F7556}") = "Planner.Domain", "Services\Planner\Planner.Domain\Planner.Domain.csproj", "{00190DD3-D5A2-48F4-85C8-CE28672EE741}"
EndProject
Project("{9A19103F-16F7-4668-BE54-9A1E7A4F7556}") = "Planner.Application", "Services\Planner\Planner.Application\Planner.Application.csproj", "{1FD6F8C4-CE44-41A9-BE99-3BE41D28E28E}"
EndProject
Project("{9A19103F-16F7-4668-BE54-9A1E7A4F7556}") = "Planner.Persistent", "Services\Planner\Planner.Persistent\Planner.Persistent.csproj", "{D28A77D5-AEEC-4A24-87D7-B2F1858923B4}"
EndProject
Project("{2150E333-8FDC-42A3-9474-1A3956D46DE8}") = "Database", "Database", "{EE9702B8-FFD1-4ADB-B373-1393190E1D73}"
EndProject
Project("{9A19103F-16F7-4668-BE54-9A1E7A4F7556}") = "BuildingBlocks.Database", "BuldingBlocks\BuildingBlocks.Database\BuildingBlocks.Database.csproj", "{57FBD0DD-B63B-416C-AB83-62A13A23923E}"
EndProject
Project("{2150E333-8FDC-42A3-9474-1A3956D46DE8}") = "Common", "Common", "{ADBA71EC-1750-46CB-97C2-604AB539AFAC}"
EndProject
Project("{9A19103F-16F7-4668-BE54-9A1E7A4F7556}") = "BuildingBlocks.Common", "BuldingBlocks\BuildingBlocks.Common\BuildingBlocks.Common.csproj", "{940EAB7A-DEE6-4161-83A9-41EB0500F8B1}"
EndProject
Project("{2150E333-8FDC-42A3-9474-1A3956D46DE8}") = "Scheduler", "Scheduler", "{60C59654-779C-4135-9B89-5B5F734793E2}"
EndProject
Project("{FAE04EC0-301F-11D3-BF4B-00C04F79EFBC}") = "BuildingBlocks.Scheduler.Quartz", "BuldingBlocks\BuildingBlocks.Scheduler.Quartz\BuildingBlocks.Scheduler.Quartz.csproj", "{0435A9FF-8322-4113-BD05-2DE0CECF100D}"
EndProject
Global
	GlobalSection(SolutionConfigurationPlatforms) = preSolution
		Debug|Any CPU = Debug|Any CPU
		Release|Any CPU = Release|Any CPU
	EndGlobalSection
	GlobalSection(ProjectConfigurationPlatforms) = postSolution
		{315A2560-5CEC-49AB-8B88-F8A4672AD95B}.Debug|Any CPU.ActiveCfg = Debug|Any CPU
		{315A2560-5CEC-49AB-8B88-F8A4672AD95B}.Debug|Any CPU.Build.0 = Debug|Any CPU
		{315A2560-5CEC-49AB-8B88-F8A4672AD95B}.Release|Any CPU.ActiveCfg = Release|Any CPU
		{315A2560-5CEC-49AB-8B88-F8A4672AD95B}.Release|Any CPU.Build.0 = Release|Any CPU
		{878B6E17-D1BF-4B54-867F-E2FA74F8A087}.Debug|Any CPU.ActiveCfg = Debug|Any CPU
		{878B6E17-D1BF-4B54-867F-E2FA74F8A087}.Debug|Any CPU.Build.0 = Debug|Any CPU
		{878B6E17-D1BF-4B54-867F-E2FA74F8A087}.Release|Any CPU.ActiveCfg = Release|Any CPU
		{878B6E17-D1BF-4B54-867F-E2FA74F8A087}.Release|Any CPU.Build.0 = Release|Any CPU
		{E8FF85D9-FA4E-4009-B0D3-C0F339308AC3}.Debug|Any CPU.ActiveCfg = Debug|Any CPU
		{E8FF85D9-FA4E-4009-B0D3-C0F339308AC3}.Debug|Any CPU.Build.0 = Debug|Any CPU
		{E8FF85D9-FA4E-4009-B0D3-C0F339308AC3}.Release|Any CPU.ActiveCfg = Release|Any CPU
		{E8FF85D9-FA4E-4009-B0D3-C0F339308AC3}.Release|Any CPU.Build.0 = Release|Any CPU
		{E2F271F3-ABB5-40F9-B68F-02AB2996AB68}.Debug|Any CPU.ActiveCfg = Debug|Any CPU
		{E2F271F3-ABB5-40F9-B68F-02AB2996AB68}.Debug|Any CPU.Build.0 = Debug|Any CPU
		{E2F271F3-ABB5-40F9-B68F-02AB2996AB68}.Release|Any CPU.ActiveCfg = Release|Any CPU
		{E2F271F3-ABB5-40F9-B68F-02AB2996AB68}.Release|Any CPU.Build.0 = Release|Any CPU
		{00190DD3-D5A2-48F4-85C8-CE28672EE741}.Debug|Any CPU.ActiveCfg = Debug|Any CPU
		{00190DD3-D5A2-48F4-85C8-CE28672EE741}.Debug|Any CPU.Build.0 = Debug|Any CPU
		{00190DD3-D5A2-48F4-85C8-CE28672EE741}.Release|Any CPU.ActiveCfg = Release|Any CPU
		{00190DD3-D5A2-48F4-85C8-CE28672EE741}.Release|Any CPU.Build.0 = Release|Any CPU
		{1FD6F8C4-CE44-41A9-BE99-3BE41D28E28E}.Debug|Any CPU.ActiveCfg = Debug|Any CPU
		{1FD6F8C4-CE44-41A9-BE99-3BE41D28E28E}.Debug|Any CPU.Build.0 = Debug|Any CPU
		{1FD6F8C4-CE44-41A9-BE99-3BE41D28E28E}.Release|Any CPU.ActiveCfg = Release|Any CPU
		{1FD6F8C4-CE44-41A9-BE99-3BE41D28E28E}.Release|Any CPU.Build.0 = Release|Any CPU
		{D28A77D5-AEEC-4A24-87D7-B2F1858923B4}.Debug|Any CPU.ActiveCfg = Debug|Any CPU
		{D28A77D5-AEEC-4A24-87D7-B2F1858923B4}.Debug|Any CPU.Build.0 = Debug|Any CPU
		{D28A77D5-AEEC-4A24-87D7-B2F1858923B4}.Release|Any CPU.ActiveCfg = Release|Any CPU
		{D28A77D5-AEEC-4A24-87D7-B2F1858923B4}.Release|Any CPU.Build.0 = Release|Any CPU
		{57FBD0DD-B63B-416C-AB83-62A13A23923E}.Debug|Any CPU.ActiveCfg = Debug|Any CPU
		{57FBD0DD-B63B-416C-AB83-62A13A23923E}.Debug|Any CPU.Build.0 = Debug|Any CPU
		{57FBD0DD-B63B-416C-AB83-62A13A23923E}.Release|Any CPU.ActiveCfg = Release|Any CPU
		{57FBD0DD-B63B-416C-AB83-62A13A23923E}.Release|Any CPU.Build.0 = Release|Any CPU
		{940EAB7A-DEE6-4161-83A9-41EB0500F8B1}.Debug|Any CPU.ActiveCfg = Debug|Any CPU
		{940EAB7A-DEE6-4161-83A9-41EB0500F8B1}.Debug|Any CPU.Build.0 = Debug|Any CPU
		{940EAB7A-DEE6-4161-83A9-41EB0500F8B1}.Release|Any CPU.ActiveCfg = Release|Any CPU
		{940EAB7A-DEE6-4161-83A9-41EB0500F8B1}.Release|Any CPU.Build.0 = Release|Any CPU
		{0435A9FF-8322-4113-BD05-2DE0CECF100D}.Debug|Any CPU.ActiveCfg = Debug|Any CPU
		{0435A9FF-8322-4113-BD05-2DE0CECF100D}.Debug|Any CPU.Build.0 = Debug|Any CPU
		{0435A9FF-8322-4113-BD05-2DE0CECF100D}.Release|Any CPU.ActiveCfg = Release|Any CPU
		{0435A9FF-8322-4113-BD05-2DE0CECF100D}.Release|Any CPU.Build.0 = Release|Any CPU
	EndGlobalSection
	GlobalSection(SolutionProperties) = preSolution
		HideSolutionNode = FALSE
	EndGlobalSection
	GlobalSection(NestedProjects) = preSolution
		{D874F9E5-567D-45A3-B346-FEF81E2734E2} = {D17F9E88-1323-4DA3-83CF-B1F95AE86D62}
		{315A2560-5CEC-49AB-8B88-F8A4672AD95B} = {D874F9E5-567D-45A3-B346-FEF81E2734E2}
		{3D820FB9-54B1-4317-B634-87A99D794CB8} = {D17F9E88-1323-4DA3-83CF-B1F95AE86D62}
		{878B6E17-D1BF-4B54-867F-E2FA74F8A087} = {3D820FB9-54B1-4317-B634-87A99D794CB8}
		{8940A01F-A935-4C50-9017-1F8CA71F7776} = {D17F9E88-1323-4DA3-83CF-B1F95AE86D62}
		{E8FF85D9-FA4E-4009-B0D3-C0F339308AC3} = {8940A01F-A935-4C50-9017-1F8CA71F7776}
		{031E07CA-7FA1-4E98-A763-4F31D3BD191B} = {E4F81B24-A54E-4A59-8CF6-6F910012EAE8}
		{E2F271F3-ABB5-40F9-B68F-02AB2996AB68} = {031E07CA-7FA1-4E98-A763-4F31D3BD191B}
		{00190DD3-D5A2-48F4-85C8-CE28672EE741} = {031E07CA-7FA1-4E98-A763-4F31D3BD191B}
		{1FD6F8C4-CE44-41A9-BE99-3BE41D28E28E} = {031E07CA-7FA1-4E98-A763-4F31D3BD191B}
		{D28A77D5-AEEC-4A24-87D7-B2F1858923B4} = {031E07CA-7FA1-4E98-A763-4F31D3BD191B}
		{EE9702B8-FFD1-4ADB-B373-1393190E1D73} = {D17F9E88-1323-4DA3-83CF-B1F95AE86D62}
		{57FBD0DD-B63B-416C-AB83-62A13A23923E} = {EE9702B8-FFD1-4ADB-B373-1393190E1D73}
		{ADBA71EC-1750-46CB-97C2-604AB539AFAC} = {D17F9E88-1323-4DA3-83CF-B1F95AE86D62}
		{940EAB7A-DEE6-4161-83A9-41EB0500F8B1} = {ADBA71EC-1750-46CB-97C2-604AB539AFAC}
		{60C59654-779C-4135-9B89-5B5F734793E2} = {D17F9E88-1323-4DA3-83CF-B1F95AE86D62}
		{0435A9FF-8322-4113-BD05-2DE0CECF100D} = {60C59654-779C-4135-9B89-5B5F734793E2}
	EndGlobalSection
	GlobalSection(ExtensibilityGlobals) = postSolution
		SolutionGuid = {C161935C-1FC6-45CC-A72A-248972F0D6D0}
	EndGlobalSection
EndGlobal
